{
  "pins" : [
    {
      "identity" : "swift-http-types",
      "kind" : "remoteSourceControl",
      "location" : "https://github.com/apple/swift-http-types.git",
      "state" : {
        "revision" : "6861b096b0bd0cc339b9c5d34d55c665c7490703",
        "version" : "0.2.0"
      }
    }
  ],
  "version" : 2
}
